
Microsoft Visual Studio Solution File, Format Version 12.00
# Visual Studio Version 16
VisualStudioVersion = 16.0.29709.97
MinimumVisualStudioVersion = 10.0.40219.1
Project("{2150E333-8FDC-42A3-9474-1A3956D46DE8}") = "Solution Items", "Solution Items", "{2636D675-E239-4553-918A-1B7BA4C6BF22}"
	ProjectSection(SolutionItems) = preProject
		Create Release.bat = Create Release.bat
		DevNotes.txt = DevNotes.txt
		Readme.md = Readme.md
	EndProjectSection
EndProject
Project("{2150E333-8FDC-42A3-9474-1A3956D46DE8}") = "Plugins", "Plugins", "{9293EE60-1E25-4EC9-8A0E-379CA97968E7}"
EndProject
Project("{9A19103F-16F7-4668-BE54-9A1E7A4F7556}") = "Plugins.Base", "Plugins\Base\Plugins.Base.csproj", "{E4BB1A70-9476-49D3-AA38-A0EDD393E91A}"
EndProject
Project("{2150E333-8FDC-42A3-9474-1A3956D46DE8}") = "Reporting", "Reporting", "{1BC123A2-388C-4DDF-A36B-2E9758E13546}"
EndProject
Project("{2150E333-8FDC-42A3-9474-1A3956D46DE8}") = "Detection", "Detection", "{B749FDCC-4070-4836-B5EA-F5F46515D63B}"
EndProject
Project("{9A19103F-16F7-4668-BE54-9A1E7A4F7556}") = "Plugins.AbuseIP", "Plugins\Reporting\AbuseIP\Plugins.AbuseIP.csproj", "{2D3C76A1-E370-42C2-85FE-4934B193D50E}"
EndProject
Project("{2150E333-8FDC-42A3-9474-1A3956D46DE8}") = "Tools", "Tools", "{BECA0564-D6FD-4041-A0F8-16AB5D51B47B}"
EndProject
Project("{9A19103F-16F7-4668-BE54-9A1E7A4F7556}") = "Cleanup", "Tools\Cleanup\Cleanup.csproj", "{D14BBB19-BB4F-422D-85C8-B3AC280EB360}"
EndProject
Project("{9A19103F-16F7-4668-BE54-9A1E7A4F7556}") = "SP.Models", "Models\SP.Models.csproj", "{2DB90B7C-845A-46F6-A136-902A86E51CD8}"
EndProject
Project("{2150E333-8FDC-42A3-9474-1A3956D46DE8}") = "Sites", "Sites", "{FABB4AC0-C403-437B-ABDB-6E841BAA59FD}"
EndProject
Project("{9A19103F-16F7-4668-BE54-9A1E7A4F7556}") = "Test.SignalR", "Tools\Test.SignalR\Test.SignalR.csproj", "{DC992A74-FD8E-4A38-B176-D4EA4E8DE96F}"
EndProject
Project("{9A19103F-16F7-4668-BE54-9A1E7A4F7556}") = "Plugins.LiveReport.SignalR", "Plugins\Reporting\LiveReport.SignalR\Plugins.LiveReport.SignalR.csproj", "{A88F3F01-A0EE-4D78-8200-57917AD2AD85}"
EndProject
Project("{9A19103F-16F7-4668-BE54-9A1E7A4F7556}") = "SP.API", "Sites\SP.API\SP.API.csproj", "{428D80DF-A33B-490C-B9FC-2EF2007BBB4F}"
EndProject
Project("{9A19103F-16F7-4668-BE54-9A1E7A4F7556}") = "SP.Overview", "Sites\SP.Overview\SP.Overview.csproj", "{2B954E2B-6D1A-4619-8881-1A9991593B36}"
EndProject
Project("{2150E333-8FDC-42A3-9474-1A3956D46DE8}") = "Service Installation", "Service Installation", "{3450DA87-B1A2-4BF5-BE57-4C66271FA5B9}"
	ProjectSection(SolutionItems) = preProject
		Install Service.bat = Install Service.bat
		Remove Service.bat = Remove Service.bat
		Start Service.bat = Start Service.bat
		Stop Service.bat = Stop Service.bat
	EndProjectSection
EndProject
Project("{2150E333-8FDC-42A3-9474-1A3956D46DE8}") = "Services", "Services", "{D591179A-FD5E-4646-AADD-C87DF1E30A02}"
EndProject
Project("{9A19103F-16F7-4668-BE54-9A1E7A4F7556}") = "SP.API.Service", "Services\SP.API.Service\SP.API.Service.csproj", "{5CA3F1C5-E4B0-44E2-9890-DA70130CC55E}"
EndProject
Project("{2150E333-8FDC-42A3-9474-1A3956D46DE8}") = "Documentation", "Documentation", "{270F610C-8397-4C3C-A265-CC46D43DD911}"
EndProject
Project("{9A19103F-16F7-4668-BE54-9A1E7A4F7556}") = "SP.Docs", "Documentation\SP.Docs\SP.Docs.csproj", "{17B6C538-5AC6-4B3B-AE35-72A7026DE94E}"
EndProject
Project("{2150E333-8FDC-42A3-9474-1A3956D46DE8}") = "System", "System", "{3E6B9E58-18A3-4324-812F-57DE3888F42D}"
EndProject
Project("{9A19103F-16F7-4668-BE54-9A1E7A4F7556}") = "Plugins.Windows.Firewall", "Plugins\System\WindowsFirewall\Plugins.Windows.Firewall.csproj", "{A2A9541D-C392-41E2-ADA2-AAD79DE8C931}"
EndProject
Project("{9A19103F-16F7-4668-BE54-9A1E7A4F7556}") = "Plugins.Windows.EventMonitor", "Plugins\Detection\WindowsEventMonitor\Plugins.Windows.EventMonitor.csproj", "{6E8ED8F6-3FF6-4749-B9B5-5D845EF19148}"
EndProject
Project("{9A19103F-16F7-4668-BE54-9A1E7A4F7556}") = "SP.Core", "SP.Core\SP.Core.csproj", "{519CF618-B4EB-47C1-ACFA-767FE2AB48FD}"
EndProject
Project("{2150E333-8FDC-42A3-9474-1A3956D46DE8}") = "Api", "Api", "{8C689AC7-E02C-4693-A2FB-3EE1B1A1DC6C}"
EndProject
Project("{2150E333-8FDC-42A3-9474-1A3956D46DE8}") = "Testing", "Testing", "{3D35703F-1AC3-427C-B62D-316EB348EB94}"
EndProject
Project("{9A19103F-16F7-4668-BE54-9A1E7A4F7556}") = "Plugins.LoadSimulator", "Plugins\Testing\LoadSimulator\Plugins.LoadSimulator.csproj", "{AD2D817D-077D-4A66-A301-3A292064E20E}"
EndProject
Project("{9A19103F-16F7-4668-BE54-9A1E7A4F7556}") = "Plugins.ApiHttps", "Plugins\Api\ApiHttps\Plugins.ApiHttps.csproj", "{B953640E-2B60-4EE8-9171-B9E4A1A6E64F}"
EndProject
Project("{9A19103F-16F7-4668-BE54-9A1E7A4F7556}") = "Plugins.ApiTcp", "Plugins\Api\ApiTcp\Plugins.ApiTcp.csproj", "{D64A02CA-4229-4860-A70B-5AF292FB6594}"
EndProject
Global
	GlobalSection(SolutionConfigurationPlatforms) = preSolution
		Debug|Any CPU = Debug|Any CPU
		Release|Any CPU = Release|Any CPU
	EndGlobalSection
	GlobalSection(ProjectConfigurationPlatforms) = postSolution
		{E4BB1A70-9476-49D3-AA38-A0EDD393E91A}.Debug|Any CPU.ActiveCfg = Debug|Any CPU
		{E4BB1A70-9476-49D3-AA38-A0EDD393E91A}.Debug|Any CPU.Build.0 = Debug|Any CPU
		{E4BB1A70-9476-49D3-AA38-A0EDD393E91A}.Release|Any CPU.ActiveCfg = Release|Any CPU
		{E4BB1A70-9476-49D3-AA38-A0EDD393E91A}.Release|Any CPU.Build.0 = Release|Any CPU
		{2D3C76A1-E370-42C2-85FE-4934B193D50E}.Debug|Any CPU.ActiveCfg = Debug|Any CPU
		{2D3C76A1-E370-42C2-85FE-4934B193D50E}.Debug|Any CPU.Build.0 = Debug|Any CPU
		{2D3C76A1-E370-42C2-85FE-4934B193D50E}.Release|Any CPU.ActiveCfg = Release|Any CPU
		{2D3C76A1-E370-42C2-85FE-4934B193D50E}.Release|Any CPU.Build.0 = Release|Any CPU
		{D14BBB19-BB4F-422D-85C8-B3AC280EB360}.Debug|Any CPU.ActiveCfg = Debug|Any CPU
		{D14BBB19-BB4F-422D-85C8-B3AC280EB360}.Debug|Any CPU.Build.0 = Debug|Any CPU
		{D14BBB19-BB4F-422D-85C8-B3AC280EB360}.Release|Any CPU.ActiveCfg = Release|Any CPU
		{D14BBB19-BB4F-422D-85C8-B3AC280EB360}.Release|Any CPU.Build.0 = Release|Any CPU
		{2DB90B7C-845A-46F6-A136-902A86E51CD8}.Debug|Any CPU.ActiveCfg = Debug|Any CPU
		{2DB90B7C-845A-46F6-A136-902A86E51CD8}.Debug|Any CPU.Build.0 = Debug|Any CPU
		{2DB90B7C-845A-46F6-A136-902A86E51CD8}.Release|Any CPU.ActiveCfg = Release|Any CPU
		{2DB90B7C-845A-46F6-A136-902A86E51CD8}.Release|Any CPU.Build.0 = Release|Any CPU
		{DC992A74-FD8E-4A38-B176-D4EA4E8DE96F}.Debug|Any CPU.ActiveCfg = Debug|Any CPU
		{DC992A74-FD8E-4A38-B176-D4EA4E8DE96F}.Debug|Any CPU.Build.0 = Debug|Any CPU
		{DC992A74-FD8E-4A38-B176-D4EA4E8DE96F}.Release|Any CPU.ActiveCfg = Release|Any CPU
		{DC992A74-FD8E-4A38-B176-D4EA4E8DE96F}.Release|Any CPU.Build.0 = Release|Any CPU
		{A88F3F01-A0EE-4D78-8200-57917AD2AD85}.Debug|Any CPU.ActiveCfg = Debug|Any CPU
		{A88F3F01-A0EE-4D78-8200-57917AD2AD85}.Debug|Any CPU.Build.0 = Debug|Any CPU
		{A88F3F01-A0EE-4D78-8200-57917AD2AD85}.Release|Any CPU.ActiveCfg = Release|Any CPU
		{A88F3F01-A0EE-4D78-8200-57917AD2AD85}.Release|Any CPU.Build.0 = Release|Any CPU
		{428D80DF-A33B-490C-B9FC-2EF2007BBB4F}.Debug|Any CPU.ActiveCfg = Debug|Any CPU
		{428D80DF-A33B-490C-B9FC-2EF2007BBB4F}.Debug|Any CPU.Build.0 = Debug|Any CPU
		{428D80DF-A33B-490C-B9FC-2EF2007BBB4F}.Release|Any CPU.ActiveCfg = Release|Any CPU
		{428D80DF-A33B-490C-B9FC-2EF2007BBB4F}.Release|Any CPU.Build.0 = Release|Any CPU
		{2B954E2B-6D1A-4619-8881-1A9991593B36}.Debug|Any CPU.ActiveCfg = Debug|Any CPU
		{2B954E2B-6D1A-4619-8881-1A9991593B36}.Debug|Any CPU.Build.0 = Debug|Any CPU
		{2B954E2B-6D1A-4619-8881-1A9991593B36}.Release|Any CPU.ActiveCfg = Release|Any CPU
		{2B954E2B-6D1A-4619-8881-1A9991593B36}.Release|Any CPU.Build.0 = Release|Any CPU
		{5CA3F1C5-E4B0-44E2-9890-DA70130CC55E}.Debug|Any CPU.ActiveCfg = Debug|Any CPU
		{5CA3F1C5-E4B0-44E2-9890-DA70130CC55E}.Debug|Any CPU.Build.0 = Debug|Any CPU
		{5CA3F1C5-E4B0-44E2-9890-DA70130CC55E}.Release|Any CPU.ActiveCfg = Release|Any CPU
		{5CA3F1C5-E4B0-44E2-9890-DA70130CC55E}.Release|Any CPU.Build.0 = Release|Any CPU
		{17B6C538-5AC6-4B3B-AE35-72A7026DE94E}.Debug|Any CPU.ActiveCfg = Debug|Any CPU
		{17B6C538-5AC6-4B3B-AE35-72A7026DE94E}.Debug|Any CPU.Build.0 = Debug|Any CPU
		{17B6C538-5AC6-4B3B-AE35-72A7026DE94E}.Release|Any CPU.ActiveCfg = Release|Any CPU
		{17B6C538-5AC6-4B3B-AE35-72A7026DE94E}.Release|Any CPU.Build.0 = Release|Any CPU
		{A2A9541D-C392-41E2-ADA2-AAD79DE8C931}.Debug|Any CPU.ActiveCfg = Debug|Any CPU
		{A2A9541D-C392-41E2-ADA2-AAD79DE8C931}.Debug|Any CPU.Build.0 = Debug|Any CPU
		{A2A9541D-C392-41E2-ADA2-AAD79DE8C931}.Release|Any CPU.ActiveCfg = Release|Any CPU
		{A2A9541D-C392-41E2-ADA2-AAD79DE8C931}.Release|Any CPU.Build.0 = Release|Any CPU
		{6E8ED8F6-3FF6-4749-B9B5-5D845EF19148}.Debug|Any CPU.ActiveCfg = Debug|Any CPU
		{6E8ED8F6-3FF6-4749-B9B5-5D845EF19148}.Debug|Any CPU.Build.0 = Debug|Any CPU
		{6E8ED8F6-3FF6-4749-B9B5-5D845EF19148}.Release|Any CPU.ActiveCfg = Release|Any CPU
		{6E8ED8F6-3FF6-4749-B9B5-5D845EF19148}.Release|Any CPU.Build.0 = Release|Any CPU
		{519CF618-B4EB-47C1-ACFA-767FE2AB48FD}.Debug|Any CPU.ActiveCfg = Debug|Any CPU
		{519CF618-B4EB-47C1-ACFA-767FE2AB48FD}.Debug|Any CPU.Build.0 = Debug|Any CPU
		{519CF618-B4EB-47C1-ACFA-767FE2AB48FD}.Release|Any CPU.ActiveCfg = Release|Any CPU
		{519CF618-B4EB-47C1-ACFA-767FE2AB48FD}.Release|Any CPU.Build.0 = Release|Any CPU
		{AD2D817D-077D-4A66-A301-3A292064E20E}.Debug|Any CPU.ActiveCfg = Debug|Any CPU
		{AD2D817D-077D-4A66-A301-3A292064E20E}.Debug|Any CPU.Build.0 = Debug|Any CPU
		{AD2D817D-077D-4A66-A301-3A292064E20E}.Release|Any CPU.ActiveCfg = Release|Any CPU
		{AD2D817D-077D-4A66-A301-3A292064E20E}.Release|Any CPU.Build.0 = Release|Any CPU
		{B953640E-2B60-4EE8-9171-B9E4A1A6E64F}.Debug|Any CPU.ActiveCfg = Debug|Any CPU
		{B953640E-2B60-4EE8-9171-B9E4A1A6E64F}.Debug|Any CPU.Build.0 = Debug|Any CPU
		{B953640E-2B60-4EE8-9171-B9E4A1A6E64F}.Release|Any CPU.ActiveCfg = Release|Any CPU
		{B953640E-2B60-4EE8-9171-B9E4A1A6E64F}.Release|Any CPU.Build.0 = Release|Any CPU
		{D64A02CA-4229-4860-A70B-5AF292FB6594}.Debug|Any CPU.ActiveCfg = Debug|Any CPU
		{D64A02CA-4229-4860-A70B-5AF292FB6594}.Debug|Any CPU.Build.0 = Debug|Any CPU
		{D64A02CA-4229-4860-A70B-5AF292FB6594}.Release|Any CPU.ActiveCfg = Release|Any CPU
		{D64A02CA-4229-4860-A70B-5AF292FB6594}.Release|Any CPU.Build.0 = Release|Any CPU
	EndGlobalSection
	GlobalSection(SolutionProperties) = preSolution
		HideSolutionNode = FALSE
	EndGlobalSection
	GlobalSection(NestedProjects) = preSolution
		{E4BB1A70-9476-49D3-AA38-A0EDD393E91A} = {9293EE60-1E25-4EC9-8A0E-379CA97968E7}
		{1BC123A2-388C-4DDF-A36B-2E9758E13546} = {9293EE60-1E25-4EC9-8A0E-379CA97968E7}
		{B749FDCC-4070-4836-B5EA-F5F46515D63B} = {9293EE60-1E25-4EC9-8A0E-379CA97968E7}
		{2D3C76A1-E370-42C2-85FE-4934B193D50E} = {1BC123A2-388C-4DDF-A36B-2E9758E13546}
		{D14BBB19-BB4F-422D-85C8-B3AC280EB360} = {BECA0564-D6FD-4041-A0F8-16AB5D51B47B}
		{DC992A74-FD8E-4A38-B176-D4EA4E8DE96F} = {BECA0564-D6FD-4041-A0F8-16AB5D51B47B}
		{A88F3F01-A0EE-4D78-8200-57917AD2AD85} = {1BC123A2-388C-4DDF-A36B-2E9758E13546}
		{428D80DF-A33B-490C-B9FC-2EF2007BBB4F} = {FABB4AC0-C403-437B-ABDB-6E841BAA59FD}
		{2B954E2B-6D1A-4619-8881-1A9991593B36} = {FABB4AC0-C403-437B-ABDB-6E841BAA59FD}
		{3450DA87-B1A2-4BF5-BE57-4C66271FA5B9} = {2636D675-E239-4553-918A-1B7BA4C6BF22}
		{5CA3F1C5-E4B0-44E2-9890-DA70130CC55E} = {D591179A-FD5E-4646-AADD-C87DF1E30A02}
		{17B6C538-5AC6-4B3B-AE35-72A7026DE94E} = {270F610C-8397-4C3C-A265-CC46D43DD911}
		{3E6B9E58-18A3-4324-812F-57DE3888F42D} = {9293EE60-1E25-4EC9-8A0E-379CA97968E7}
		{A2A9541D-C392-41E2-ADA2-AAD79DE8C931} = {3E6B9E58-18A3-4324-812F-57DE3888F42D}
		{6E8ED8F6-3FF6-4749-B9B5-5D845EF19148} = {B749FDCC-4070-4836-B5EA-F5F46515D63B}
		{8C689AC7-E02C-4693-A2FB-3EE1B1A1DC6C} = {9293EE60-1E25-4EC9-8A0E-379CA97968E7}
		{3D35703F-1AC3-427C-B62D-316EB348EB94} = {9293EE60-1E25-4EC9-8A0E-379CA97968E7}
		{AD2D817D-077D-4A66-A301-3A292064E20E} = {3D35703F-1AC3-427C-B62D-316EB348EB94}
		{B953640E-2B60-4EE8-9171-B9E4A1A6E64F} = {8C689AC7-E02C-4693-A2FB-3EE1B1A1DC6C}
		{D64A02CA-4229-4860-A70B-5AF292FB6594} = {8C689AC7-E02C-4693-A2FB-3EE1B1A1DC6C}
	EndGlobalSection
	GlobalSection(ExtensibilityGlobals) = postSolution
		SolutionGuid = {4837EBBA-68D4-4C02-96CD-59A89BD6B8EE}
	EndGlobalSection
EndGlobal
