
Microsoft Visual Studio Solution File, Format Version 12.00
# Visual Studio Version 16
VisualStudioVersion = 16.0.29709.97
MinimumVisualStudioVersion = 10.0.40219.1
Project("{2150E333-8FDC-42A3-9474-1A3956D46DE8}") = "Solution Items", "Solution Items", "{2636D675-E239-4553-918A-1B7BA4C6BF22}"
	ProjectSection(SolutionItems) = preProject
		.github\workflows\build-project.yml = .github\workflows\build-project.yml
		Create Release.bat = Create Release.bat
		Readme.md = Readme.md
	EndProjectSection
EndProject
Project("{2150E333-8FDC-42A3-9474-1A3956D46DE8}") = "Overview", "Overview", "{FABB4AC0-C403-437B-ABDB-6E841BAA59FD}"
EndProject
Project("{2150E333-8FDC-42A3-9474-1A3956D46DE8}") = "Documentation", "Documentation", "{270F610C-8397-4C3C-A265-CC46D43DD911}"
EndProject
Project("{9A19103F-16F7-4668-BE54-9A1E7A4F7556}") = "SP.Docs", "Documentation\SP.Docs\SP.Docs.csproj", "{17B6C538-5AC6-4B3B-AE35-72A7026DE94E}"
EndProject
Project("{2150E333-8FDC-42A3-9474-1A3956D46DE8}") = "Api", "Api", "{D0F4AD41-8DD8-4512-8FB2-66B5653E6920}"
EndProject
Project("{9A19103F-16F7-4668-BE54-9A1E7A4F7556}") = "SP.Api.Service", "Api\SP.Api.Service\SP.Api.Service.csproj", "{2B878802-A0CA-45B5-951C-3C8B251A5AFC}"
EndProject
Project("{2150E333-8FDC-42A3-9474-1A3956D46DE8}") = "SP.Core", "SP.Core", "{90073DBE-B783-4213-A25B-EF719F5DB044}"
EndProject
Project("{9A19103F-16F7-4668-BE54-9A1E7A4F7556}") = "SP.Models", "SP.Core\Models\SP.Models.csproj", "{5053F112-6E80-4FC6-B978-AF4E2BEFD4D5}"
EndProject
Project("{9A19103F-16F7-4668-BE54-9A1E7A4F7556}") = "SP.Core", "SP.Core\SP.Core\SP.Core.csproj", "{9ED56D37-5C5F-4576-9E37-00FE05E64CF8}"
EndProject
Project("{2150E333-8FDC-42A3-9474-1A3956D46DE8}") = "Plug-ins", "Plug-ins", "{A0B1B14C-7DCB-4191-B04D-BCF23EC4FFC5}"
EndProject
Project("{2150E333-8FDC-42A3-9474-1A3956D46DE8}") = "Api", "Api", "{D7529A93-C19A-4D0B-8644-06A9FA4F7E4E}"
EndProject
Project("{2150E333-8FDC-42A3-9474-1A3956D46DE8}") = "Detection", "Detection", "{CD4A0264-EED2-471C-BDB9-B5FD57E687C1}"
EndProject
Project("{2150E333-8FDC-42A3-9474-1A3956D46DE8}") = "Reporting", "Reporting", "{5BB60423-6B44-4DAB-A886-75D1019129B1}"
EndProject
Project("{2150E333-8FDC-42A3-9474-1A3956D46DE8}") = "System", "System", "{B61741DE-57EA-4D3F-9AE3-1922EC1765C7}"
EndProject
Project("{2150E333-8FDC-42A3-9474-1A3956D46DE8}") = "Testing", "Testing", "{C265981E-0DF6-437A-ADD1-128A35F1E2E9}"
EndProject
Project("{9A19103F-16F7-4668-BE54-9A1E7A4F7556}") = "Plugins.Api.gRPC", "SP.Core\Plugins\Api\Api.gRPC\Plugins.Api.gRPC.csproj", "{58B6F5F3-D698-43AA-A195-8479E78797E5}"
EndProject
Project("{9A19103F-16F7-4668-BE54-9A1E7A4F7556}") = "Plugins.Api.Https", "SP.Core\Plugins\Api\Api.Https\Plugins.Api.Https.csproj", "{96C8EE17-4444-4534-A075-57C5B6F74381}"
EndProject
Project("{9A19103F-16F7-4668-BE54-9A1E7A4F7556}") = "Plugins.Windows.Event.Monitor", "SP.Core\Plugins\Detection\Windows.Event.Monitor\Plugins.Windows.Event.Monitor.csproj", "{A0F8AD02-DB61-4970-B976-EEFF270CA35D}"
EndProject
Project("{9A19103F-16F7-4668-BE54-9A1E7A4F7556}") = "Plugins.AbuseIP", "SP.Core\Plugins\Reporting\AbuseIP\Plugins.AbuseIP.csproj", "{8215300A-3E0B-43C7-BB4A-CD7E9FEDA79F}"
EndProject
Project("{9A19103F-16F7-4668-BE54-9A1E7A4F7556}") = "Plugins.LiveReport.SignalR", "SP.Core\Plugins\Reporting\LiveReport.SignalR\Plugins.LiveReport.SignalR.csproj", "{2429AED3-D87B-46BD-8511-92DD1C79BA03}"
EndProject
Project("{9A19103F-16F7-4668-BE54-9A1E7A4F7556}") = "Plugins.Windows.Firewall", "SP.Core\Plugins\System\Windows.Firewall\Plugins.Windows.Firewall.csproj", "{594F55B5-6AA2-4DAC-A359-295B4474938A}"
EndProject
Project("{9A19103F-16F7-4668-BE54-9A1E7A4F7556}") = "Plugins.Load.Simulator", "SP.Core\Plugins\Testing\Load.Simulator\Plugins.Load.Simulator.csproj", "{755FEFF8-A193-4CAF-84F5-8004122B85C4}"
EndProject
Project("{9A19103F-16F7-4668-BE54-9A1E7A4F7556}") = "Plugins.Base", "SP.Core\Plugins\Base\Plugins.Base.csproj", "{BAB1DAC8-EE09-4F33-BA81-6CB1C0C8B317}"
EndProject
Project("{9A19103F-16F7-4668-BE54-9A1E7A4F7556}") = "SP.Api.Overview", "Overview\SP.Api.Overview\SP.Api.Overview.csproj", "{DA37E2B1-57C3-4BFE-9CD3-F247D8309AB4}"
EndProject
Project("{9A19103F-16F7-4668-BE54-9A1E7A4F7556}") = "SP.Overview", "Overview\SP.Overview\SP.Overview.csproj", "{9DC65F9E-6F63-4FD1-8130-FE158B68680E}"
EndProject
Project("{9A19103F-16F7-4668-BE54-9A1E7A4F7556}") = "SP.Api.Https", "Api\SP.Api.Https\SP.Api.Https.csproj", "{47C5017E-304C-4789-858F-2316340BB83C}"
EndProject
Project("{9A19103F-16F7-4668-BE54-9A1E7A4F7556}") = "Plugins.Windows.IIS.Monitor", "SP.Core\Plugins\Detection\Windows.IIS.Monitor\Plugins.Windows.IIS.Monitor.csproj", "{44E8E8AF-ECA1-44EB-8B81-AC49881B44D3}"
EndProject
Project("{9A19103F-16F7-4668-BE54-9A1E7A4F7556}") = "Plugins.Honeypot", "SP.Core\Plugins\Detection\Honeypot\Plugins.Honeypot.csproj", "{A2700F5E-53E1-4EF1-9DB6-7431F17E5979}"
EndProject
Project("{9A19103F-16F7-4668-BE54-9A1E7A4F7556}") = "Plugins.Linux.IPTables.Firewall", "SP.Core\Plugins\System\Linux.IPTables.Firewall\Plugins.Linux.IPTables.Firewall.csproj", "{C5622EB2-8C1D-4034-9828-32DD6C755BF3}"
EndProject
Project("{9A19103F-16F7-4668-BE54-9A1E7A4F7556}") = "Plugins.Linux.Log.Monitor", "SP.Core\Plugins\Detection\Linux.Log.Monitor\Plugins.Linux.Log.Monitor.csproj", "{A98544D1-7FFE-422F-A34B-896FC6BEA3CF}"
EndProject
Global
	GlobalSection(SolutionConfigurationPlatforms) = preSolution
		Debug|Any CPU = Debug|Any CPU
		Release|Any CPU = Release|Any CPU
	EndGlobalSection
	GlobalSection(ProjectConfigurationPlatforms) = postSolution
		{17B6C538-5AC6-4B3B-AE35-72A7026DE94E}.Debug|Any CPU.ActiveCfg = Debug|Any CPU
		{17B6C538-5AC6-4B3B-AE35-72A7026DE94E}.Release|Any CPU.ActiveCfg = Release|Any CPU
		{17B6C538-5AC6-4B3B-AE35-72A7026DE94E}.Release|Any CPU.Build.0 = Release|Any CPU
		{2B878802-A0CA-45B5-951C-3C8B251A5AFC}.Debug|Any CPU.ActiveCfg = Debug|Any CPU
		{2B878802-A0CA-45B5-951C-3C8B251A5AFC}.Debug|Any CPU.Build.0 = Debug|Any CPU
		{2B878802-A0CA-45B5-951C-3C8B251A5AFC}.Release|Any CPU.ActiveCfg = Release|Any CPU
		{2B878802-A0CA-45B5-951C-3C8B251A5AFC}.Release|Any CPU.Build.0 = Release|Any CPU
		{5053F112-6E80-4FC6-B978-AF4E2BEFD4D5}.Debug|Any CPU.ActiveCfg = Debug|Any CPU
		{5053F112-6E80-4FC6-B978-AF4E2BEFD4D5}.Debug|Any CPU.Build.0 = Debug|Any CPU
		{5053F112-6E80-4FC6-B978-AF4E2BEFD4D5}.Release|Any CPU.ActiveCfg = Release|Any CPU
		{5053F112-6E80-4FC6-B978-AF4E2BEFD4D5}.Release|Any CPU.Build.0 = Release|Any CPU
		{9ED56D37-5C5F-4576-9E37-00FE05E64CF8}.Debug|Any CPU.ActiveCfg = Debug|Any CPU
		{9ED56D37-5C5F-4576-9E37-00FE05E64CF8}.Debug|Any CPU.Build.0 = Debug|Any CPU
		{9ED56D37-5C5F-4576-9E37-00FE05E64CF8}.Release|Any CPU.ActiveCfg = Release|Any CPU
		{9ED56D37-5C5F-4576-9E37-00FE05E64CF8}.Release|Any CPU.Build.0 = Release|Any CPU
		{58B6F5F3-D698-43AA-A195-8479E78797E5}.Debug|Any CPU.ActiveCfg = Debug|Any CPU
		{58B6F5F3-D698-43AA-A195-8479E78797E5}.Debug|Any CPU.Build.0 = Debug|Any CPU
		{58B6F5F3-D698-43AA-A195-8479E78797E5}.Release|Any CPU.ActiveCfg = Release|Any CPU
		{58B6F5F3-D698-43AA-A195-8479E78797E5}.Release|Any CPU.Build.0 = Release|Any CPU
		{96C8EE17-4444-4534-A075-57C5B6F74381}.Debug|Any CPU.ActiveCfg = Debug|Any CPU
		{96C8EE17-4444-4534-A075-57C5B6F74381}.Debug|Any CPU.Build.0 = Debug|Any CPU
		{96C8EE17-4444-4534-A075-57C5B6F74381}.Release|Any CPU.ActiveCfg = Release|Any CPU
		{96C8EE17-4444-4534-A075-57C5B6F74381}.Release|Any CPU.Build.0 = Release|Any CPU
		{A0F8AD02-DB61-4970-B976-EEFF270CA35D}.Debug|Any CPU.ActiveCfg = Debug|Any CPU
		{A0F8AD02-DB61-4970-B976-EEFF270CA35D}.Release|Any CPU.ActiveCfg = Release|Any CPU
		{A0F8AD02-DB61-4970-B976-EEFF270CA35D}.Release|Any CPU.Build.0 = Release|Any CPU
		{8215300A-3E0B-43C7-BB4A-CD7E9FEDA79F}.Debug|Any CPU.ActiveCfg = Debug|Any CPU
		{8215300A-3E0B-43C7-BB4A-CD7E9FEDA79F}.Debug|Any CPU.Build.0 = Debug|Any CPU
		{8215300A-3E0B-43C7-BB4A-CD7E9FEDA79F}.Release|Any CPU.ActiveCfg = Release|Any CPU
		{8215300A-3E0B-43C7-BB4A-CD7E9FEDA79F}.Release|Any CPU.Build.0 = Release|Any CPU
		{2429AED3-D87B-46BD-8511-92DD1C79BA03}.Debug|Any CPU.ActiveCfg = Debug|Any CPU
		{2429AED3-D87B-46BD-8511-92DD1C79BA03}.Debug|Any CPU.Build.0 = Debug|Any CPU
		{2429AED3-D87B-46BD-8511-92DD1C79BA03}.Release|Any CPU.ActiveCfg = Release|Any CPU
		{2429AED3-D87B-46BD-8511-92DD1C79BA03}.Release|Any CPU.Build.0 = Release|Any CPU
		{594F55B5-6AA2-4DAC-A359-295B4474938A}.Debug|Any CPU.ActiveCfg = Debug|Any CPU
		{594F55B5-6AA2-4DAC-A359-295B4474938A}.Release|Any CPU.ActiveCfg = Release|Any CPU
		{594F55B5-6AA2-4DAC-A359-295B4474938A}.Release|Any CPU.Build.0 = Release|Any CPU
		{755FEFF8-A193-4CAF-84F5-8004122B85C4}.Debug|Any CPU.ActiveCfg = Debug|Any CPU
		{755FEFF8-A193-4CAF-84F5-8004122B85C4}.Debug|Any CPU.Build.0 = Debug|Any CPU
		{755FEFF8-A193-4CAF-84F5-8004122B85C4}.Release|Any CPU.ActiveCfg = Release|Any CPU
		{755FEFF8-A193-4CAF-84F5-8004122B85C4}.Release|Any CPU.Build.0 = Release|Any CPU
		{BAB1DAC8-EE09-4F33-BA81-6CB1C0C8B317}.Debug|Any CPU.ActiveCfg = Debug|Any CPU
		{BAB1DAC8-EE09-4F33-BA81-6CB1C0C8B317}.Debug|Any CPU.Build.0 = Debug|Any CPU
		{BAB1DAC8-EE09-4F33-BA81-6CB1C0C8B317}.Release|Any CPU.ActiveCfg = Release|Any CPU
		{BAB1DAC8-EE09-4F33-BA81-6CB1C0C8B317}.Release|Any CPU.Build.0 = Release|Any CPU
		{DA37E2B1-57C3-4BFE-9CD3-F247D8309AB4}.Debug|Any CPU.ActiveCfg = Debug|Any CPU
		{DA37E2B1-57C3-4BFE-9CD3-F247D8309AB4}.Debug|Any CPU.Build.0 = Debug|Any CPU
		{DA37E2B1-57C3-4BFE-9CD3-F247D8309AB4}.Release|Any CPU.ActiveCfg = Release|Any CPU
		{DA37E2B1-57C3-4BFE-9CD3-F247D8309AB4}.Release|Any CPU.Build.0 = Release|Any CPU
		{9DC65F9E-6F63-4FD1-8130-FE158B68680E}.Debug|Any CPU.ActiveCfg = Debug|Any CPU
		{9DC65F9E-6F63-4FD1-8130-FE158B68680E}.Debug|Any CPU.Build.0 = Debug|Any CPU
		{9DC65F9E-6F63-4FD1-8130-FE158B68680E}.Release|Any CPU.ActiveCfg = Release|Any CPU
		{9DC65F9E-6F63-4FD1-8130-FE158B68680E}.Release|Any CPU.Build.0 = Release|Any CPU
		{47C5017E-304C-4789-858F-2316340BB83C}.Debug|Any CPU.ActiveCfg = Debug|Any CPU
		{47C5017E-304C-4789-858F-2316340BB83C}.Debug|Any CPU.Build.0 = Debug|Any CPU
		{47C5017E-304C-4789-858F-2316340BB83C}.Release|Any CPU.ActiveCfg = Release|Any CPU
		{47C5017E-304C-4789-858F-2316340BB83C}.Release|Any CPU.Build.0 = Release|Any CPU
		{44E8E8AF-ECA1-44EB-8B81-AC49881B44D3}.Debug|Any CPU.ActiveCfg = Debug|Any CPU
		{44E8E8AF-ECA1-44EB-8B81-AC49881B44D3}.Release|Any CPU.ActiveCfg = Release|Any CPU
		{44E8E8AF-ECA1-44EB-8B81-AC49881B44D3}.Release|Any CPU.Build.0 = Release|Any CPU
		{A2700F5E-53E1-4EF1-9DB6-7431F17E5979}.Debug|Any CPU.ActiveCfg = Debug|Any CPU
		{A2700F5E-53E1-4EF1-9DB6-7431F17E5979}.Debug|Any CPU.Build.0 = Debug|Any CPU
		{A2700F5E-53E1-4EF1-9DB6-7431F17E5979}.Release|Any CPU.ActiveCfg = Release|Any CPU
		{A2700F5E-53E1-4EF1-9DB6-7431F17E5979}.Release|Any CPU.Build.0 = Release|Any CPU
		{C5622EB2-8C1D-4034-9828-32DD6C755BF3}.Debug|Any CPU.ActiveCfg = Debug|Any CPU
		{C5622EB2-8C1D-4034-9828-32DD6C755BF3}.Debug|Any CPU.Build.0 = Debug|Any CPU
		{C5622EB2-8C1D-4034-9828-32DD6C755BF3}.Release|Any CPU.ActiveCfg = Release|Any CPU
		{C5622EB2-8C1D-4034-9828-32DD6C755BF3}.Release|Any CPU.Build.0 = Release|Any CPU
		{A98544D1-7FFE-422F-A34B-896FC6BEA3CF}.Debug|Any CPU.ActiveCfg = Debug|Any CPU
		{A98544D1-7FFE-422F-A34B-896FC6BEA3CF}.Debug|Any CPU.Build.0 = Debug|Any CPU
		{A98544D1-7FFE-422F-A34B-896FC6BEA3CF}.Release|Any CPU.ActiveCfg = Release|Any CPU
		{A98544D1-7FFE-422F-A34B-896FC6BEA3CF}.Release|Any CPU.Build.0 = Release|Any CPU
	EndGlobalSection
	GlobalSection(SolutionProperties) = preSolution
		HideSolutionNode = FALSE
	EndGlobalSection
	GlobalSection(NestedProjects) = preSolution
		{17B6C538-5AC6-4B3B-AE35-72A7026DE94E} = {270F610C-8397-4C3C-A265-CC46D43DD911}
		{2B878802-A0CA-45B5-951C-3C8B251A5AFC} = {D0F4AD41-8DD8-4512-8FB2-66B5653E6920}
		{5053F112-6E80-4FC6-B978-AF4E2BEFD4D5} = {90073DBE-B783-4213-A25B-EF719F5DB044}
		{9ED56D37-5C5F-4576-9E37-00FE05E64CF8} = {90073DBE-B783-4213-A25B-EF719F5DB044}
		{A0B1B14C-7DCB-4191-B04D-BCF23EC4FFC5} = {90073DBE-B783-4213-A25B-EF719F5DB044}
		{D7529A93-C19A-4D0B-8644-06A9FA4F7E4E} = {A0B1B14C-7DCB-4191-B04D-BCF23EC4FFC5}
		{CD4A0264-EED2-471C-BDB9-B5FD57E687C1} = {A0B1B14C-7DCB-4191-B04D-BCF23EC4FFC5}
		{5BB60423-6B44-4DAB-A886-75D1019129B1} = {A0B1B14C-7DCB-4191-B04D-BCF23EC4FFC5}
		{B61741DE-57EA-4D3F-9AE3-1922EC1765C7} = {A0B1B14C-7DCB-4191-B04D-BCF23EC4FFC5}
		{C265981E-0DF6-437A-ADD1-128A35F1E2E9} = {A0B1B14C-7DCB-4191-B04D-BCF23EC4FFC5}
		{58B6F5F3-D698-43AA-A195-8479E78797E5} = {D7529A93-C19A-4D0B-8644-06A9FA4F7E4E}
		{96C8EE17-4444-4534-A075-57C5B6F74381} = {D7529A93-C19A-4D0B-8644-06A9FA4F7E4E}
		{A0F8AD02-DB61-4970-B976-EEFF270CA35D} = {CD4A0264-EED2-471C-BDB9-B5FD57E687C1}
		{8215300A-3E0B-43C7-BB4A-CD7E9FEDA79F} = {5BB60423-6B44-4DAB-A886-75D1019129B1}
		{2429AED3-D87B-46BD-8511-92DD1C79BA03} = {5BB60423-6B44-4DAB-A886-75D1019129B1}
		{594F55B5-6AA2-4DAC-A359-295B4474938A} = {B61741DE-57EA-4D3F-9AE3-1922EC1765C7}
		{755FEFF8-A193-4CAF-84F5-8004122B85C4} = {C265981E-0DF6-437A-ADD1-128A35F1E2E9}
		{BAB1DAC8-EE09-4F33-BA81-6CB1C0C8B317} = {A0B1B14C-7DCB-4191-B04D-BCF23EC4FFC5}
		{DA37E2B1-57C3-4BFE-9CD3-F247D8309AB4} = {FABB4AC0-C403-437B-ABDB-6E841BAA59FD}
		{9DC65F9E-6F63-4FD1-8130-FE158B68680E} = {FABB4AC0-C403-437B-ABDB-6E841BAA59FD}
		{47C5017E-304C-4789-858F-2316340BB83C} = {D0F4AD41-8DD8-4512-8FB2-66B5653E6920}
		{44E8E8AF-ECA1-44EB-8B81-AC49881B44D3} = {CD4A0264-EED2-471C-BDB9-B5FD57E687C1}
		{A2700F5E-53E1-4EF1-9DB6-7431F17E5979} = {CD4A0264-EED2-471C-BDB9-B5FD57E687C1}
		{C5622EB2-8C1D-4034-9828-32DD6C755BF3} = {B61741DE-57EA-4D3F-9AE3-1922EC1765C7}
		{A98544D1-7FFE-422F-A34B-896FC6BEA3CF} = {CD4A0264-EED2-471C-BDB9-B5FD57E687C1}
	EndGlobalSection
	GlobalSection(ExtensibilityGlobals) = postSolution
		SolutionGuid = {4837EBBA-68D4-4C02-96CD-59A89BD6B8EE}
	EndGlobalSection
EndGlobal
